{
  "name": "wyy",
  "version": "0.0.0",
  "lockfileVersion": 1,
  "requires": true,
  "dependencies": {
    "@angular/cdk": {
      "version": "10.2.7",
      "resolved": "https://registry.npmjs.org/@angular/cdk/-/cdk-10.2.7.tgz",
      "integrity": "sha512-ZQjDfTRTn7JuAKsf3jiIdU2XBaxxGBi/ZWYv5Pb3HCl6B4PISsIE5VWRhkoUogoAB0MiFHpjnWeIqknJEm11YQ==",
      "requires": {
        "parse5": "^5.0.0",
        "tslib": "^2.0.0"
      },
      "dependencies": {
        "tslib": {
          "version": "2.0.3",
          "resolved": "https://registry.npmjs.org/tslib/-/tslib-2.0.3.tgz",
          "integrity": "sha512-uZtkfKblCEQtZKBF6EBXVZeQNl82yqtDQdv+eck8u7tdPxjLu2/lp5/uPW+um2tpuxINHWy3GhiccY7QgEaVHQ=="
        }
      }
    },
    "@ant-design/colors": {
      "version": "5.0.0",
      "resolved": "https://registry.npmjs.org/@ant-design/colors/-/colors-5.0.0.tgz",
      "integrity": "sha512-Pe1rYorgVC1v4f+InDXvIlQH715pO1g7BsOhy/ehX/U6ebPKqojmkYJKU3lF+84Zmvyar7ngZ28hesAa1nWjLg==",
      "requires": {
        "@ctrl/tinycolor": "^3.1.6"
      }
    },
    "@ant-design/icons-angular": {
      "version": "10.2.0",
      "resolved": "https://registry.npmjs.org/@ant-design/icons-angular/-/icons-angular-10.2.0.tgz",
      "integrity": "sha512-c5g31hD9otf0DAmHMlvijyOcq1sXpdqKbMFZHxXAUG2sTi+cgixqI8LNePCc9MxBy0N48gAmp0CfhGiByxZJnQ==",
      "requires": {
        "@ant-design/colors": "^5.0.0",
        "tslib": "^2.0.0"
      },
      "dependencies": {
        "tslib": {
          "version": "2.0.3",
          "resolved": "https://registry.npmjs.org/tslib/-/tslib-2.0.3.tgz",
          "integrity": "sha512-uZtkfKblCEQtZKBF6EBXVZeQNl82yqtDQdv+eck8u7tdPxjLu2/lp5/uPW+um2tpuxINHWy3GhiccY7QgEaVHQ=="
        }
      }
    },
    "@ctrl/tinycolor": {
      "version": "3.2.0",
      "resolved": "https://registry.npmjs.org/@ctrl/tinycolor/-/tinycolor-3.2.0.tgz",
      "integrity": "sha512-cP1tbXA1qJp/er2CJaO+Pbe38p7RlhV9WytUxUe79xj++Q6s/jKVvzJ9U2dF9f1/lZAdG+j94A38CsNR+uW4gw=="
    },
    "date-fns": {
      "version": "2.16.1",
      "resolved": "https://registry.npmjs.org/date-fns/-/date-fns-2.16.1.tgz",
      "integrity": "sha512-sAJVKx/FqrLYHAQeN7VpJrPhagZc9R4ImZIWYRFZaaohR3KzmuK88touwsSwSVT8Qcbd4zoDsnGfX4GFB4imyQ=="
    },
    "ng-zorro-antd": {
      "version": "10.2.0",
      "resolved": "https://registry.npmjs.org/ng-zorro-antd/-/ng-zorro-antd-10.2.0.tgz",
      "integrity": "sha512-Ig3jA2FCRVIqBSUNDuz3lAJ9UKLReSoMEMWDkcyTNa4ZA/hDu6duExalnvzFnQhOeFvWhMvX9TyBvpUFL0D26w==",
      "requires": {
        "@angular/cdk": "^10.2.4",
        "@ant-design/icons-angular": "^10.0.0",
        "date-fns": "^2.10.0",
        "resize-observer-polyfill": "^1.5.1",
        "tslib": "^2.0.0"
      },
      "dependencies": {
        "tslib": {
          "version": "2.0.3",
          "resolved": "https://registry.npmjs.org/tslib/-/tslib-2.0.3.tgz",
          "integrity": "sha512-uZtkfKblCEQtZKBF6EBXVZeQNl82yqtDQdv+eck8u7tdPxjLu2/lp5/uPW+um2tpuxINHWy3GhiccY7QgEaVHQ=="
        }
      }
    },
    "parse5": {
      "version": "5.1.1",
      "resolved": "https://registry.npmjs.org/parse5/-/parse5-5.1.1.tgz",
      "integrity": "sha512-ugq4DFI0Ptb+WWjAdOK16+u/nHfiIrcE+sh8kZMaM0WllQKLI9rOUq6c2b7cwPkXdzfQESqvoqK6ug7U/Yyzug==",
      "optional": true
    },
    "resize-observer-polyfill": {
      "version": "1.5.1",
      "resolved": "https://registry.npmjs.org/resize-observer-polyfill/-/resize-observer-polyfill-1.5.1.tgz",
      "integrity": "sha512-LwZrotdHOo12nQuZlHEmtuXdqGoOD0OhaxopaNFxWzInpEgaLWoVuAMbTzixuosCx2nEG58ngzW3vxdWoxIgdg=="
    }
  }
}
